
Microsoft Visual Studio Solution File, Format Version 12.00
# Visual Studio Version 16
VisualStudioVersion = 16.0.32002.261
MinimumVisualStudioVersion = 10.0.40219.1
Project("{FAE04EC0-301F-11D3-BF4B-00C04F79EFBC}") = "LP11", "LP11.csproj", "{7957D917-F059-4BF6-A9B3-B23B1DC6A188}"
EndProject
Global
	GlobalSection(SolutionConfigurationPlatforms) = preSolution
		Debug|Any CPU = Debug|Any CPU
		Release|Any CPU = Release|Any CPU
	EndGlobalSection
	GlobalSection(ProjectConfigurationPlatforms) = postSolution
		{7957D917-F059-4BF6-A9B3-B23B1DC6A188}.Debug|Any CPU.ActiveCfg = Debug|Any CPU
		{7957D917-F059-4BF6-A9B3-B23B1DC6A188}.Debug|Any CPU.Build.0 = Debug|Any CPU
		{7957D917-F059-4BF6-A9B3-B23B1DC6A188}.Release|Any CPU.ActiveCfg = Release|Any CPU
		{7957D917-F059-4BF6-A9B3-B23B1DC6A188}.Release|Any CPU.Build.0 = Release|Any CPU
	EndGlobalSection
	GlobalSection(SolutionProperties) = preSolution
		HideSolutionNode = FALSE
	EndGlobalSection
	GlobalSection(ExtensibilityGlobals) = postSolution
		SolutionGuid = {8EBBC620-EFAC-496E-AB59-59869A0B67DD}
	EndGlobalSection
EndGlobal
